
Microsoft Visual Studio Solution File, Format Version 12.00
# Visual Studio Version 16
VisualStudioVersion = 16.0.29519.181
MinimumVisualStudioVersion = 10.0.40219.1
Project("{FAE04EC0-301F-11D3-BF4B-00C04F79EFBC}") = "PresentationLayer", "HotelManagementSystem\PresentationLayer.csproj", "{281952EC-7713-4985-A074-528D7E5BDA0C}"
EndProject
Project("{FAE04EC0-301F-11D3-BF4B-00C04F79EFBC}") = "BusinessLogicalLayer", "BusinessLogicalLayer\BusinessLogicalLayer.csproj", "{D00A4017-2B7F-41FE-9A73-122EA2F7CF9F}"
EndProject
Project("{FAE04EC0-301F-11D3-BF4B-00C04F79EFBC}") = "DataAcessLayer", "DataAcessLayer\DataAcessLayer.csproj", "{0A281579-9AF2-4CDF-8938-B71B78959094}"
EndProject
Project("{FAE04EC0-301F-11D3-BF4B-00C04F79EFBC}") = "Entities", "Entities\Entities.csproj", "{2B4E7493-09DB-4CFC-B771-AA4EAC85A62F}"
EndProject
Project("{FAE04EC0-301F-11D3-BF4B-00C04F79EFBC}") = "Common", "Common\Common.csproj", "{5293824D-AA93-4424-82E8-D1367C969402}"
EndProject
Global
	GlobalSection(SolutionConfigurationPlatforms) = preSolution
		Debug|Any CPU = Debug|Any CPU
		Release|Any CPU = Release|Any CPU
	EndGlobalSection
	GlobalSection(ProjectConfigurationPlatforms) = postSolution
		{281952EC-7713-4985-A074-528D7E5BDA0C}.Debug|Any CPU.ActiveCfg = Debug|Any CPU
		{281952EC-7713-4985-A074-528D7E5BDA0C}.Debug|Any CPU.Build.0 = Debug|Any CPU
		{281952EC-7713-4985-A074-528D7E5BDA0C}.Release|Any CPU.ActiveCfg = Release|Any CPU
		{281952EC-7713-4985-A074-528D7E5BDA0C}.Release|Any CPU.Build.0 = Release|Any CPU
		{D00A4017-2B7F-41FE-9A73-122EA2F7CF9F}.Debug|Any CPU.ActiveCfg = Debug|Any CPU
		{D00A4017-2B7F-41FE-9A73-122EA2F7CF9F}.Debug|Any CPU.Build.0 = Debug|Any CPU
		{D00A4017-2B7F-41FE-9A73-122EA2F7CF9F}.Release|Any CPU.ActiveCfg = Release|Any CPU
		{D00A4017-2B7F-41FE-9A73-122EA2F7CF9F}.Release|Any CPU.Build.0 = Release|Any CPU
		{0A281579-9AF2-4CDF-8938-B71B78959094}.Debug|Any CPU.ActiveCfg = Debug|Any CPU
		{0A281579-9AF2-4CDF-8938-B71B78959094}.Debug|Any CPU.Build.0 = Debug|Any CPU
		{0A281579-9AF2-4CDF-8938-B71B78959094}.Release|Any CPU.ActiveCfg = Release|Any CPU
		{0A281579-9AF2-4CDF-8938-B71B78959094}.Release|Any CPU.Build.0 = Release|Any CPU
		{2B4E7493-09DB-4CFC-B771-AA4EAC85A62F}.Debug|Any CPU.ActiveCfg = Debug|Any CPU
		{2B4E7493-09DB-4CFC-B771-AA4EAC85A62F}.Debug|Any CPU.Build.0 = Debug|Any CPU
		{2B4E7493-09DB-4CFC-B771-AA4EAC85A62F}.Release|Any CPU.ActiveCfg = Release|Any CPU
		{2B4E7493-09DB-4CFC-B771-AA4EAC85A62F}.Release|Any CPU.Build.0 = Release|Any CPU
		{5293824D-AA93-4424-82E8-D1367C969402}.Debug|Any CPU.ActiveCfg = Debug|Any CPU
		{5293824D-AA93-4424-82E8-D1367C969402}.Debug|Any CPU.Build.0 = Debug|Any CPU
		{5293824D-AA93-4424-82E8-D1367C969402}.Release|Any CPU.ActiveCfg = Release|Any CPU
		{5293824D-AA93-4424-82E8-D1367C969402}.Release|Any CPU.Build.0 = Release|Any CPU
	EndGlobalSection
	GlobalSection(SolutionProperties) = preSolution
		HideSolutionNode = FALSE
	EndGlobalSection
	GlobalSection(ExtensibilityGlobals) = postSolution
		SolutionGuid = {B10EF86B-97C9-469B-B1AD-B1609D4AE526}
	EndGlobalSection
EndGlobal
